
Microsoft Visual Studio Solution File, Format Version 12.00
# Visual Studio Version 16
VisualStudioVersion = 16.0.30523.141
MinimumVisualStudioVersion = 10.0.40219.1
Project("{9A19103F-16F7-4668-BE54-9A1E7A4F7556}") = "TicketPromotion.Application", "TicketPromotion.Application\TicketPromotion.Application.csproj", "{94711206-9F24-4F1E-99F4-BC34045B9322}"
EndProject
Project("{9A19103F-16F7-4668-BE54-9A1E7A4F7556}") = "TicketPromotion.Domain", "TicketPromotion.Domain\TicketPromotion.Domain.csproj", "{34162480-ACDB-4A14-974B-5E9ABBFE317C}"
EndProject
Project("{9A19103F-16F7-4668-BE54-9A1E7A4F7556}") = "TicketPromotion.Infrastructure", "TicketPromotion.Infrastructure\TicketPromotion.Infrastructure.csproj", "{1DED31C1-83A4-4A51-A4AD-9862C295A65E}"
EndProject
Project("{2150E333-8FDC-42A3-9474-1A3956D46DE8}") = "src", "src", "{4688A900-C6E3-4EB2-B6D5-3DA77497A535}"
EndProject
Project("{9A19103F-16F7-4668-BE54-9A1E7A4F7556}") = "TicketPromotion.Presentation", "TicketPromotion.UI\TicketPromotion.Presentation.csproj", "{1F5BCF05-3C25-4AF1-AE10-3A68F3EF99A0}"
EndProject
Project("{2150E333-8FDC-42A3-9474-1A3956D46DE8}") = "test", "test", "{4E2E7503-3B2C-441B-8ECD-F2A7EFAEA2B7}"
EndProject
Project("{FAE04EC0-301F-11D3-BF4B-00C04F79EFBC}") = "TicketPromotion.Application.Tests", "..\test\TicketPromotion.Application.Tests\TicketPromotion.Application.Tests.csproj", "{348B5CB0-09B1-4897-9CD0-4DA7F86602D5}"
EndProject
Project("{FAE04EC0-301F-11D3-BF4B-00C04F79EFBC}") = "TicketPromotion.Domain.Tests", "..\test\TicketPromotion.Domain.Tests\TicketPromotion.Domain.Tests.csproj", "{5DE0F0B9-CF09-4591-9AE3-13AE3AC74EFB}"
EndProject
Global
	GlobalSection(SolutionConfigurationPlatforms) = preSolution
		Debug|Any CPU = Debug|Any CPU
		Release|Any CPU = Release|Any CPU
	EndGlobalSection
	GlobalSection(ProjectConfigurationPlatforms) = postSolution
		{94711206-9F24-4F1E-99F4-BC34045B9322}.Debug|Any CPU.ActiveCfg = Debug|Any CPU
		{94711206-9F24-4F1E-99F4-BC34045B9322}.Debug|Any CPU.Build.0 = Debug|Any CPU
		{94711206-9F24-4F1E-99F4-BC34045B9322}.Release|Any CPU.ActiveCfg = Release|Any CPU
		{94711206-9F24-4F1E-99F4-BC34045B9322}.Release|Any CPU.Build.0 = Release|Any CPU
		{34162480-ACDB-4A14-974B-5E9ABBFE317C}.Debug|Any CPU.ActiveCfg = Debug|Any CPU
		{34162480-ACDB-4A14-974B-5E9ABBFE317C}.Debug|Any CPU.Build.0 = Debug|Any CPU
		{34162480-ACDB-4A14-974B-5E9ABBFE317C}.Release|Any CPU.ActiveCfg = Release|Any CPU
		{34162480-ACDB-4A14-974B-5E9ABBFE317C}.Release|Any CPU.Build.0 = Release|Any CPU
		{1DED31C1-83A4-4A51-A4AD-9862C295A65E}.Debug|Any CPU.ActiveCfg = Debug|Any CPU
		{1DED31C1-83A4-4A51-A4AD-9862C295A65E}.Debug|Any CPU.Build.0 = Debug|Any CPU
		{1DED31C1-83A4-4A51-A4AD-9862C295A65E}.Release|Any CPU.ActiveCfg = Release|Any CPU
		{1DED31C1-83A4-4A51-A4AD-9862C295A65E}.Release|Any CPU.Build.0 = Release|Any CPU
		{1F5BCF05-3C25-4AF1-AE10-3A68F3EF99A0}.Debug|Any CPU.ActiveCfg = Debug|Any CPU
		{1F5BCF05-3C25-4AF1-AE10-3A68F3EF99A0}.Debug|Any CPU.Build.0 = Debug|Any CPU
		{1F5BCF05-3C25-4AF1-AE10-3A68F3EF99A0}.Release|Any CPU.ActiveCfg = Release|Any CPU
		{1F5BCF05-3C25-4AF1-AE10-3A68F3EF99A0}.Release|Any CPU.Build.0 = Release|Any CPU
		{348B5CB0-09B1-4897-9CD0-4DA7F86602D5}.Debug|Any CPU.ActiveCfg = Debug|Any CPU
		{348B5CB0-09B1-4897-9CD0-4DA7F86602D5}.Debug|Any CPU.Build.0 = Debug|Any CPU
		{348B5CB0-09B1-4897-9CD0-4DA7F86602D5}.Release|Any CPU.ActiveCfg = Release|Any CPU
		{348B5CB0-09B1-4897-9CD0-4DA7F86602D5}.Release|Any CPU.Build.0 = Release|Any CPU
		{5DE0F0B9-CF09-4591-9AE3-13AE3AC74EFB}.Debug|Any CPU.ActiveCfg = Debug|Any CPU
		{5DE0F0B9-CF09-4591-9AE3-13AE3AC74EFB}.Debug|Any CPU.Build.0 = Debug|Any CPU
		{5DE0F0B9-CF09-4591-9AE3-13AE3AC74EFB}.Release|Any CPU.ActiveCfg = Release|Any CPU
		{5DE0F0B9-CF09-4591-9AE3-13AE3AC74EFB}.Release|Any CPU.Build.0 = Release|Any CPU
	EndGlobalSection
	GlobalSection(SolutionProperties) = preSolution
		HideSolutionNode = FALSE
	EndGlobalSection
	GlobalSection(NestedProjects) = preSolution
		{94711206-9F24-4F1E-99F4-BC34045B9322} = {4688A900-C6E3-4EB2-B6D5-3DA77497A535}
		{34162480-ACDB-4A14-974B-5E9ABBFE317C} = {4688A900-C6E3-4EB2-B6D5-3DA77497A535}
		{1DED31C1-83A4-4A51-A4AD-9862C295A65E} = {4688A900-C6E3-4EB2-B6D5-3DA77497A535}
		{1F5BCF05-3C25-4AF1-AE10-3A68F3EF99A0} = {4688A900-C6E3-4EB2-B6D5-3DA77497A535}
		{348B5CB0-09B1-4897-9CD0-4DA7F86602D5} = {4E2E7503-3B2C-441B-8ECD-F2A7EFAEA2B7}
		{5DE0F0B9-CF09-4591-9AE3-13AE3AC74EFB} = {4E2E7503-3B2C-441B-8ECD-F2A7EFAEA2B7}
	EndGlobalSection
	GlobalSection(ExtensibilityGlobals) = postSolution
		SolutionGuid = {9BF945BE-66C0-4682-BA16-365EBD1A7CE2}
	EndGlobalSection
EndGlobal
